// !$*UTF8*$!
{
	archiveVersion = 1;
	classes = {
	};
	objectVersion = 50;
	objects = {

/* Begin PBXBuildFile section */
		3C6DC3F3227C71E600D71442 /* AppDelegate.m in Sources */ = {isa = PBXBuildFile; fileRef = 3C6DC3F2227C71E600D71442 /* AppDelegate.m */; };
		3C6DC3F6227C71E700D71442 /* ViewController.m in Sources */ = {isa = PBXBuildFile; fileRef = 3C6DC3F5227C71E700D71442 /* ViewController.m */; };
		3C6DC3F9227C71E700D71442 /* Main.storyboard in Resources */ = {isa = PBXBuildFile; fileRef = 3C6DC3F7227C71E700D71442 /* Main.storyboard */; };
		3C6DC3FB227C71E700D71442 /* Assets.xcassets in Resources */ = {isa = PBXBuildFile; fileRef = 3C6DC3FA227C71E700D71442 /* Assets.xcassets */; };
		3C6DC3FE227C71E700D71442 /* LaunchScreen.storyboard in Resources */ = {isa = PBXBuildFile; fileRef = 3C6DC3FC227C71E700D71442 /* LaunchScreen.storyboard */; };
		3C6DC401227C71E700D71442 /* main.m in Sources */ = {isa = PBXBuildFile; fileRef = 3C6DC400227C71E700D71442 /* main.m */; };
		3C6DC40E227C721300D71442 /* WHorizPagingLayout.gif in Resources */ = {isa = PBXBuildFile; fileRef = 3C6DC408227C721300D71442 /* WHorizPagingLayout.gif */; };
		3C6DC40F227C721300D71442 /* WSideGroupCollectionLayout.m in Sources */ = {isa = PBXBuildFile; fileRef = 3C6DC409227C721300D71442 /* WSideGroupCollectionLayout.m */; };
		3C6DC410227C721300D71442 /* WHorizPagingCollectionLayout.m in Sources */ = {isa = PBXBuildFile; fileRef = 3C6DC40A227C721300D71442 /* WHorizPagingCollectionLayout.m */; };
		3C6DC411227C721300D71442 /* WSideGroupLayout.gif in Resources */ = {isa = PBXBuildFile; fileRef = 3C6DC40D227C721300D71442 /* WSideGroupLayout.gif */; };
		3C6DC419227C73F200D71442 /* ACollectionReusableView.xib in Resources */ = {isa = PBXBuildFile; fileRef = 3C6DC414227C73F200D71442 /* ACollectionReusableView.xib */; };
		3C6DC41A227C73F200D71442 /* ACollectionReusableView.m in Sources */ = {isa = PBXBuildFile; fileRef = 3C6DC416227C73F200D71442 /* ACollectionReusableView.m */; };
		3C6DC41B227C73F200D71442 /* ACollectionViewCell.m in Sources */ = {isa = PBXBuildFile; fileRef = 3C6DC417227C73F200D71442 /* ACollectionViewCell.m */; };
		3C6DC41C227C73F200D71442 /* ACollectionViewCell.xib in Resources */ = {isa = PBXBuildFile; fileRef = 3C6DC418227C73F200D71442 /* ACollectionViewCell.xib */; };
		3C6DC420227C744000D71442 /* WSideGroupViewController.m in Sources */ = {isa = PBXBuildFile; fileRef = 3C6DC41E227C744000D71442 /* WSideGroupViewController.m */; };
		3C6DC421227C744000D71442 /* WSideGroupViewController.xib in Resources */ = {isa = PBXBuildFile; fileRef = 3C6DC41F227C744000D71442 /* WSideGroupViewController.xib */; };
		3C6DC425227C744C00D71442 /* WHorizPagingViewController.m in Sources */ = {isa = PBXBuildFile; fileRef = 3C6DC423227C744C00D71442 /* WHorizPagingViewController.m */; };
		3C6DC426227C744C00D71442 /* WHorizPagingViewController.xib in Resources */ = {isa = PBXBuildFile; fileRef = 3C6DC424227C744C00D71442 /* WHorizPagingViewController.xib */; };
		3C6DC428227C757C00D71442 /* fbb.jpg in Resources */ = {isa = PBXBuildFile; fileRef = 3C6DC427227C757C00D71442 /* fbb.jpg */; };
/* End PBXBuildFile section */

/* Begin PBXFileReference section */
		3C6DC3EE227C71E600D71442 /* CollectionViewLayout.app */ = {isa = PBXFileReference; explicitFileType = wrapper.application; includeInIndex = 0; path = CollectionViewLayout.app; sourceTree = BUILT_PRODUCTS_DIR; };
		3C6DC3F1227C71E600D71442 /* AppDelegate.h */ = {isa = PBXFileReference; lastKnownFileType = sourcecode.c.h; path = AppDelegate.h; sourceTree = "<group>"; };
		3C6DC3F2227C71E600D71442 /* AppDelegate.m */ = {isa = PBXFileReference; lastKnownFileType = sourcecode.c.objc; path = AppDelegate.m; sourceTree = "<group>"; };
		3C6DC3F4227C71E700D71442 /* ViewController.h */ = {isa = PBXFileReference; lastKnownFileType = sourcecode.c.h; path = ViewController.h; sourceTree = "<group>"; };
		3C6DC3F5227C71E700D71442 /* ViewController.m */ = {isa = PBXFileReference; lastKnownFileType = sourcecode.c.objc; path = ViewController.m; sourceTree = "<group>"; };
		3C6DC3F8227C71E700D71442 /* Base */ = {isa = PBXFileReference; lastKnownFileType = file.storyboard; name = Base; path = Base.lproj/Main.storyboard; sourceTree = "<group>"; };
		3C6DC3FA227C71E700D71442 /* Assets.xcassets */ = {isa = PBXFileReference; lastKnownFileType = folder.assetcatalog; path = Assets.xcassets; sourceTree = "<group>"; };
		3C6DC3FD227C71E700D71442 /* Base */ = {isa = PBXFileReference; lastKnownFileType = file.storyboard; name = Base; path = Base.lproj/LaunchScreen.storyboard; sourceTree = "<group>"; };
		3C6DC3FF227C71E700D71442 /* Info.plist */ = {isa = PBXFileReference; lastKnownFileType = text.plist.xml; path = Info.plist; sourceTree = "<group>"; };
		3C6DC400227C71E700D71442 /* main.m */ = {isa = PBXFileReference; lastKnownFileType = sourcecode.c.objc; path = main.m; sourceTree = "<group>"; };
		3C6DC408227C721300D71442 /* WHorizPagingLayout.gif */ = {isa = PBXFileReference; lastKnownFileType = image.gif; path = WHorizPagingLayout.gif; sourceTree = "<group>"; };
		3C6DC409227C721300D71442 /* WSideGroupCollectionLayout.m */ = {isa = PBXFileReference; fileEncoding = 4; lastKnownFileType = sourcecode.c.objc; path = WSideGroupCollectionLayout.m; sourceTree = "<group>"; };
		3C6DC40A227C721300D71442 /* WHorizPagingCollectionLayout.m */ = {isa = PBXFileReference; fileEncoding = 4; lastKnownFileType = sourcecode.c.objc; path = WHorizPagingCollectionLayout.m; sourceTree = "<group>"; };
		3C6DC40B227C721300D71442 /* WHorizPagingCollectionLayout.h */ = {isa = PBXFileReference; fileEncoding = 4; lastKnownFileType = sourcecode.c.h; path = WHorizPagingCollectionLayout.h; sourceTree = "<group>"; };
		3C6DC40C227C721300D71442 /* WSideGroupCollectionLayout.h */ = {isa = PBXFileReference; fileEncoding = 4; lastKnownFileType = sourcecode.c.h; path = WSideGroupCollectionLayout.h; sourceTree = "<group>"; };
		3C6DC40D227C721300D71442 /* WSideGroupLayout.gif */ = {isa = PBXFileReference; lastKnownFileType = image.gif; path = WSideGroupLayout.gif; sourceTree = "<group>"; };
		3C6DC413227C73F200D71442 /* ACollectionReusableView.h */ = {isa = PBXFileReference; fileEncoding = 4; lastKnownFileType = sourcecode.c.h; path = ACollectionReusableView.h; sourceTree = "<group>"; };
		3C6DC414227C73F200D71442 /* ACollectionReusableView.xib */ = {isa = PBXFileReference; fileEncoding = 4; lastKnownFileType = file.xib; path = ACollectionReusableView.xib; sourceTree = "<group>"; };
		3C6DC415227C73F200D71442 /* ACollectionViewCell.h */ = {isa = PBXFileReference; fileEncoding = 4; lastKnownFileType = sourcecode.c.h; path = ACollectionViewCell.h; sourceTree = "<group>"; };
		3C6DC416227C73F200D71442 /* ACollectionReusableView.m */ = {isa = PBXFileReference; fileEncoding = 4; lastKnownFileType = sourcecode.c.objc; path = ACollectionReusableView.m; sourceTree = "<group>"; };
		3C6DC417227C73F200D71442 /* ACollectionViewCell.m */ = {isa = PBXFileReference; fileEncoding = 4; lastKnownFileType = sourcecode.c.objc; path = ACollectionViewCell.m; sourceTree = "<group>"; };
		3C6DC418227C73F200D71442 /* ACollectionViewCell.xib */ = {isa = PBXFileReference; fileEncoding = 4; lastKnownFileType = file.xib; path = ACollectionViewCell.xib; sourceTree = "<group>"; };
		3C6DC41D227C744000D71442 /* WSideGroupViewController.h */ = {isa = PBXFileReference; lastKnownFileType = sourcecode.c.h; path = WSideGroupViewController.h; sourceTree = "<group>"; };
		3C6DC41E227C744000D71442 /* WSideGroupViewController.m */ = {isa = PBXFileReference; lastKnownFileType = sourcecode.c.objc; path = WSideGroupViewController.m; sourceTree = "<group>"; };
		3C6DC41F227C744000D71442 /* WSideGroupViewController.xib */ = {isa = PBXFileReference; lastKnownFileType = file.xib; path = WSideGroupViewController.xib; sourceTree = "<group>"; };
		3C6DC422227C744C00D71442 /* WHorizPagingViewController.h */ = {isa = PBXFileReference; lastKnownFileType = sourcecode.c.h; path = WHorizPagingViewController.h; sourceTree = "<group>"; };
		3C6DC423227C744C00D71442 /* WHorizPagingViewController.m */ = {isa = PBXFileReference; lastKnownFileType = sourcecode.c.objc; path = WHorizPagingViewController.m; sourceTree = "<group>"; };
		3C6DC424227C744C00D71442 /* WHorizPagingViewController.xib */ = {isa = PBXFileReference; lastKnownFileType = file.xib; path = WHorizPagingViewController.xib; sourceTree = "<group>"; };
		3C6DC427227C757C00D71442 /* fbb.jpg */ = {isa = PBXFileReference; lastKnownFileType = image.jpeg; path = fbb.jpg; sourceTree = "<group>"; };
/* End PBXFileReference section */

/* Begin PBXFrameworksBuildPhase section */
		3C6DC3EB227C71E600D71442 /* Frameworks */ = {
			isa = PBXFrameworksBuildPhase;
			buildActionMask = 2147483647;
			files = (
			);
			runOnlyForDeploymentPostprocessing = 0;
		};
/* End PBXFrameworksBuildPhase section */

/* Begin PBXGroup section */
		3C6DC3E5227C71E600D71442 = {
			isa = PBXGroup;
			children = (
				3C6DC3F0227C71E600D71442 /* CollectionViewLayout */,
				3C6DC3EF227C71E600D71442 /* Products */,
			);
			sourceTree = "<group>";
		};
		3C6DC3EF227C71E600D71442 /* Products */ = {
			isa = PBXGroup;
			children = (
				3C6DC3EE227C71E600D71442 /* CollectionViewLayout.app */,
			);
			name = Products;
			sourceTree = "<group>";
		};
		3C6DC3F0227C71E600D71442 /* CollectionViewLayout */ = {
			isa = PBXGroup;
			children = (
				3C6DC407227C721300D71442 /* CustomLayout */,
				3C6DC412227C73DC00D71442 /* 展示 */,
				3C6DC3F1227C71E600D71442 /* AppDelegate.h */,
				3C6DC3F2227C71E600D71442 /* AppDelegate.m */,
				3C6DC3F4227C71E700D71442 /* ViewController.h */,
				3C6DC3F5227C71E700D71442 /* ViewController.m */,
				3C6DC3F7227C71E700D71442 /* Main.storyboard */,
				3C6DC3FA227C71E700D71442 /* Assets.xcassets */,
				3C6DC3FC227C71E700D71442 /* LaunchScreen.storyboard */,
				3C6DC3FF227C71E700D71442 /* Info.plist */,
				3C6DC400227C71E700D71442 /* main.m */,
			);
			path = CollectionViewLayout;
			sourceTree = "<group>";
		};
		3C6DC407227C721300D71442 /* CustomLayout */ = {
			isa = PBXGroup;
			children = (
				3C6DC408227C721300D71442 /* WHorizPagingLayout.gif */,
				3C6DC409227C721300D71442 /* WSideGroupCollectionLayout.m */,
				3C6DC40A227C721300D71442 /* WHorizPagingCollectionLayout.m */,
				3C6DC40B227C721300D71442 /* WHorizPagingCollectionLayout.h */,
				3C6DC40C227C721300D71442 /* WSideGroupCollectionLayout.h */,
				3C6DC40D227C721300D71442 /* WSideGroupLayout.gif */,
			);
			name = CustomLayout;
			path = ../../CustomLayout;
			sourceTree = "<group>";
		};
		3C6DC412227C73DC00D71442 /* 展示 */ = {
			isa = PBXGroup;
			children = (
				3C6DC427227C757C00D71442 /* fbb.jpg */,
				3C6DC413227C73F200D71442 /* ACollectionReusableView.h */,
				3C6DC416227C73F200D71442 /* ACollectionReusableView.m */,
				3C6DC414227C73F200D71442 /* ACollectionReusableView.xib */,
				3C6DC415227C73F200D71442 /* ACollectionViewCell.h */,
				3C6DC417227C73F200D71442 /* ACollectionViewCell.m */,
				3C6DC418227C73F200D71442 /* ACollectionViewCell.xib */,
				3C6DC41D227C744000D71442 /* WSideGroupViewController.h */,
				3C6DC41E227C744000D71442 /* WSideGroupViewController.m */,
				3C6DC41F227C744000D71442 /* WSideGroupViewController.xib */,
				3C6DC422227C744C00D71442 /* WHorizPagingViewController.h */,
				3C6DC423227C744C00D71442 /* WHorizPagingViewController.m */,
				3C6DC424227C744C00D71442 /* WHorizPagingViewController.xib */,
			);
			path = "展示";
			sourceTree = "<group>";
		};
/* End PBXGroup section */

/* Begin PBXNativeTarget section */
		3C6DC3ED227C71E600D71442 /* CollectionViewLayout */ = {
			isa = PBXNativeTarget;
			buildConfigurationList = 3C6DC404227C71E700D71442 /* Build configuration list for PBXNativeTarget "CollectionViewLayout" */;
			buildPhases = (
				3C6DC3EA227C71E600D71442 /* Sources */,
				3C6DC3EB227C71E600D71442 /* Frameworks */,
				3C6DC3EC227C71E600D71442 /* Resources */,
			);
			buildRules = (
			);
			dependencies = (
			);
			name = CollectionViewLayout;
			productName = CollectionViewLayout;
			productReference = 3C6DC3EE227C71E600D71442 /* CollectionViewLayout.app */;
			productType = "com.apple.product-type.application";
		};
/* End PBXNativeTarget section */

/* Begin PBXProject section */
		3C6DC3E6227C71E600D71442 /* Project object */ = {
			isa = PBXProject;
			attributes = {
				LastUpgradeCheck = 1010;
				ORGANIZATIONNAME = Jin;
				TargetAttributes = {
					3C6DC3ED227C71E600D71442 = {
						CreatedOnToolsVersion = 10.1;
					};
				};
			};
			buildConfigurationList = 3C6DC3E9227C71E600D71442 /* Build configuration list for PBXProject "CollectionViewLayout" */;
			compatibilityVersion = "Xcode 9.3";
			developmentRegion = en;
			hasScannedForEncodings = 0;
			knownRegions = (
				en,
				Base,
			);
			mainGroup = 3C6DC3E5227C71E600D71442;
			productRefGroup = 3C6DC3EF227C71E600D71442 /* Products */;
			projectDirPath = "";
			projectRoot = "";
			targets = (
				3C6DC3ED227C71E600D71442 /* CollectionViewLayout */,
			);
		};
/* End PBXProject section */

/* Begin PBXResourcesBuildPhase section */
		3C6DC3EC227C71E600D71442 /* Resources */ = {
			isa = PBXResourcesBuildPhase;
			buildActionMask = 2147483647;
			files = (
				3C6DC3FE227C71E700D71442 /* LaunchScreen.storyboard in Resources */,
				3C6DC40E227C721300D71442 /* WHorizPagingLayout.gif in Resources */,
				3C6DC3FB227C71E700D71442 /* Assets.xcassets in Resources */,
				3C6DC411227C721300D71442 /* WSideGroupLayout.gif in Resources */,
				3C6DC428227C757C00D71442 /* fbb.jpg in Resources */,
				3C6DC3F9227C71E700D71442 /* Main.storyboard in Resources */,
				3C6DC421227C744000D71442 /* WSideGroupViewController.xib in Resources */,
				3C6DC419227C73F200D71442 /* ACollectionReusableView.xib in Resources */,
				3C6DC426227C744C00D71442 /* WHorizPagingViewController.xib in Resources */,
				3C6DC41C227C73F200D71442 /* ACollectionViewCell.xib in Resources */,
			);
			runOnlyForDeploymentPostprocessing = 0;
		};
/* End PBXResourcesBuildPhase section */

/* Begin PBXSourcesBuildPhase section */
		3C6DC3EA227C71E600D71442 /* Sources */ = {
			isa = PBXSourcesBuildPhase;
			buildActionMask = 2147483647;
			files = (
				3C6DC425227C744C00D71442 /* WHorizPagingViewController.m in Sources */,
				3C6DC3F6227C71E700D71442 /* ViewController.m in Sources */,
				3C6DC41A227C73F200D71442 /* ACollectionReusableView.m in Sources */,
				3C6DC41B227C73F200D71442 /* ACollectionViewCell.m in Sources */,
				3C6DC401227C71E700D71442 /* main.m in Sources */,
				3C6DC40F227C721300D71442 /* WSideGroupCollectionLayout.m in Sources */,
				3C6DC420227C744000D71442 /* WSideGroupViewController.m in Sources */,
				3C6DC410227C721300D71442 /* WHorizPagingCollectionLayout.m in Sources */,
				3C6DC3F3227C71E600D71442 /* AppDelegate.m in Sources */,
			);
			runOnlyForDeploymentPostprocessing = 0;
		};
/* End PBXSourcesBuildPhase section */

/* Begin PBXVariantGroup section */
		3C6DC3F7227C71E700D71442 /* Main.storyboard */ = {
			isa = PBXVariantGroup;
			children = (
				3C6DC3F8227C71E700D71442 /* Base */,
			);
			name = Main.storyboard;
			sourceTree = "<group>";
		};
		3C6DC3FC227C71E700D71442 /* LaunchScreen.storyboard */ = {
			isa = PBXVariantGroup;
			children = (
				3C6DC3FD227C71E700D71442 /* Base */,
			);
			name = LaunchScreen.storyboard;
			sourceTree = "<group>";
		};
/* End PBXVariantGroup section */

/* Begin XCBuildConfiguration section */
		3C6DC402227C71E700D71442 /* Debug */ = {
			isa = XCBuildConfiguration;
			buildSettings = {
				ALWAYS_SEARCH_USER_PATHS = NO;
				CLANG_ANALYZER_NONNULL = YES;
				CLANG_ANALYZER_NUMBER_OBJECT_CONVERSION = YES_AGGRESSIVE;
				CLANG_CXX_LANGUAGE_STANDARD = "gnu++14";
				CLANG_CXX_LIBRARY = "libc++";
				CLANG_ENABLE_MODULES = YES;
				CLANG_ENABLE_OBJC_ARC = YES;
				CLANG_ENABLE_OBJC_WEAK = YES;
				CLANG_WARN_BLOCK_CAPTURE_AUTORELEASING = YES;
				CLANG_WARN_BOOL_CONVERSION = YES;
				CLANG_WARN_COMMA = YES;
				CLANG_WARN_CONSTANT_CONVERSION = YES;
				CLANG_WARN_DEPRECATED_OBJC_IMPLEMENTATIONS = YES;
				CLANG_WARN_DIRECT_OBJC_ISA_USAGE = YES_ERROR;
				CLANG_WARN_DOCUMENTATION_COMMENTS = YES;
				CLANG_WARN_EMPTY_BODY = YES;
				CLANG_WARN_ENUM_CONVERSION = YES;
				CLANG_WARN_INFINITE_RECURSION = YES;
				CLANG_WARN_INT_CONVERSION = YES;
				CLANG_WARN_NON_LITERAL_NULL_CONVERSION = YES;
				CLANG_WARN_OBJC_IMPLICIT_RETAIN_SELF = YES;
				CLANG_WARN_OBJC_LITERAL_CONVERSION = YES;
				CLANG_WARN_OBJC_ROOT_CLASS = YES_ERROR;
				CLANG_WARN_RANGE_LOOP_ANALYSIS = YES;
				CLANG_WARN_STRICT_PROTOTYPES = YES;
				CLANG_WARN_SUSPICIOUS_MOVE = YES;
				CLANG_WARN_UNGUARDED_AVAILABILITY = YES_AGGRESSIVE;
				CLANG_WARN_UNREACHABLE_CODE = YES;
				CLANG_WARN__DUPLICATE_METHOD_MATCH = YES;
				CODE_SIGN_IDENTITY = "iPhone Developer";
				COPY_PHASE_STRIP = NO;
				DEBUG_INFORMATION_FORMAT = dwarf;
				ENABLE_STRICT_OBJC_MSGSEND = YES;
				ENABLE_TESTABILITY = YES;
				GCC_C_LANGUAGE_STANDARD = gnu11;
				GCC_DYNAMIC_NO_PIC = NO;
				GCC_NO_COMMON_BLOCKS = YES;
				GCC_OPTIMIZATION_LEVEL = 0;
				GCC_PREPROCESSOR_DEFINITIONS = (
					"DEBUG=1",
					"$(inherited)",
				);
				GCC_WARN_64_TO_32_BIT_CONVERSION = YES;
				GCC_WARN_ABOUT_RETURN_TYPE = YES_ERROR;
				GCC_WARN_UNDECLARED_SELECTOR = YES;
				GCC_WARN_UNINITIALIZED_AUTOS = YES_AGGRESSIVE;
				GCC_WARN_UNUSED_FUNCTION = YES;
				GCC_WARN_UNUSED_VARIABLE = YES;
				IPHONEOS_DEPLOYMENT_TARGET = 12.1;
				MTL_ENABLE_DEBUG_INFO = INCLUDE_SOURCE;
				MTL_FAST_MATH = YES;
				ONLY_ACTIVE_ARCH = YES;
				SDKROOT = iphoneos;
			};
			name = Debug;
		};
		3C6DC403227C71E700D71442 /* Release */ = {
			isa = XCBuildConfiguration;
			buildSettings = {
				ALWAYS_SEARCH_USER_PATHS = NO;
				CLANG_ANALYZER_NONNULL = YES;
				CLANG_ANALYZER_NUMBER_OBJECT_CONVERSION = YES_AGGRESSIVE;
				CLANG_CXX_LANGUAGE_STANDARD = "gnu++14";
				CLANG_CXX_LIBRARY = "libc++";
				CLANG_ENABLE_MODULES = YES;
				CLANG_ENABLE_OBJC_ARC = YES;
				CLANG_ENABLE_OBJC_WEAK = YES;
				CLANG_WARN_BLOCK_CAPTURE_AUTORELEASING = YES;
				CLANG_WARN_BOOL_CONVERSION = YES;
				CLANG_WARN_COMMA = YES;
				CLANG_WARN_CONSTANT_CONVERSION = YES;
				CLANG_WARN_DEPRECATED_OBJC_IMPLEMENTATIONS = YES;
				CLANG_WARN_DIRECT_OBJC_ISA_USAGE = YES_ERROR;
				CLANG_WARN_DOCUMENTATION_COMMENTS = YES;
				CLANG_WARN_EMPTY_BODY = YES;
				CLANG_WARN_ENUM_CONVERSION = YES;
				CLANG_WARN_INFINITE_RECURSION = YES;
				CLANG_WARN_INT_CONVERSION = YES;
				CLANG_WARN_NON_LITERAL_NULL_CONVERSION = YES;
				CLANG_WARN_OBJC_IMPLICIT_RETAIN_SELF = YES;
				CLANG_WARN_OBJC_LITERAL_CONVERSION = YES;
				CLANG_WARN_OBJC_ROOT_CLASS = YES_ERROR;
				CLANG_WARN_RANGE_LOOP_ANALYSIS = YES;
				CLANG_WARN_STRICT_PROTOTYPES = YES;
				CLANG_WARN_SUSPICIOUS_MOVE = YES;
				CLANG_WARN_UNGUARDED_AVAILABILITY = YES_AGGRESSIVE;
				CLANG_WARN_UNREACHABLE_CODE = YES;
				CLANG_WARN__DUPLICATE_METHOD_MATCH = YES;
				CODE_SIGN_IDENTITY = "iPhone Developer";
				COPY_PHASE_STRIP = NO;
				DEBUG_INFORMATION_FORMAT = "dwarf-with-dsym";
				ENABLE_NS_ASSERTIONS = NO;
				ENABLE_STRICT_OBJC_MSGSEND = YES;
				GCC_C_LANGUAGE_STANDARD = gnu11;
				GCC_NO_COMMON_BLOCKS = YES;
				GCC_WARN_64_TO_32_BIT_CONVERSION = YES;
				GCC_WARN_ABOUT_RETURN_TYPE = YES_ERROR;
				GCC_WARN_UNDECLARED_SELECTOR = YES;
				GCC_WARN_UNINITIALIZED_AUTOS = YES_AGGRESSIVE;
				GCC_WARN_UNUSED_FUNCTION = YES;
				GCC_WARN_UNUSED_VARIABLE = YES;
				IPHONEOS_DEPLOYMENT_TARGET = 12.1;
				MTL_ENABLE_DEBUG_INFO = NO;
				MTL_FAST_MATH = YES;
				SDKROOT = iphoneos;
				VALIDATE_PRODUCT = YES;
			};
			name = Release;
		};
		3C6DC405227C71E700D71442 /* Debug */ = {
			isa = XCBuildConfiguration;
			buildSettings = {
				ASSETCATALOG_COMPILER_APPICON_NAME = AppIcon;
				CODE_SIGN_STYLE = Automatic;
				DEVELOPMENT_TEAM = AYHUVDXGK7;
				INFOPLIST_FILE = CollectionViewLayout/Info.plist;
				LD_RUNPATH_SEARCH_PATHS = (
					"$(inherited)",
					"@executable_path/Frameworks",
				);
				PRODUCT_BUNDLE_IDENTIFIER = com.jin.CollectionViewLayout;
				PRODUCT_NAME = "$(TARGET_NAME)";
				TARGETED_DEVICE_FAMILY = "1,2";
			};
			name = Debug;
		};
		3C6DC406227C71E700D71442 /* Release */ = {
			isa = XCBuildConfiguration;
			buildSettings = {
				ASSETCATALOG_COMPILER_APPICON_NAME = AppIcon;
				CODE_SIGN_STYLE = Automatic;
				DEVELOPMENT_TEAM = AYHUVDXGK7;
				INFOPLIST_FILE = CollectionViewLayout/Info.plist;
				LD_RUNPATH_SEARCH_PATHS = (
					"$(inherited)",
					"@executable_path/Frameworks",
				);
				PRODUCT_BUNDLE_IDENTIFIER = com.jin.CollectionViewLayout;
				PRODUCT_NAME = "$(TARGET_NAME)";
				TARGETED_DEVICE_FAMILY = "1,2";
			};
			name = Release;
		};
/* End XCBuildConfiguration section */

/* Begin XCConfigurationList section */
		3C6DC3E9227C71E600D71442 /* Build configuration list for PBXProject "CollectionViewLayout" */ = {
			isa = XCConfigurationList;
			buildConfigurations = (
				3C6DC402227C71E700D71442 /* Debug */,
				3C6DC403227C71E700D71442 /* Release */,
			);
			defaultConfigurationIsVisible = 0;
			defaultConfigurationName = Release;
		};
		3C6DC404227C71E700D71442 /* Build configuration list for PBXNativeTarget "CollectionViewLayout" */ = {
			isa = XCConfigurationList;
			buildConfigurations = (
				3C6DC405227C71E700D71442 /* Debug */,
				3C6DC406227C71E700D71442 /* Release */,
			);
			defaultConfigurationIsVisible = 0;
			defaultConfigurationName = Release;
		};
/* End XCConfigurationList section */
	};
	rootObject = 3C6DC3E6227C71E600D71442 /* Project object */;
}
